
Microsoft Visual Studio Solution File, Format Version 12.00
# Visual Studio Version 17
VisualStudioVersion = 17.5.33502.453
MinimumVisualStudioVersion = 10.0.40219.1
Project("{9A19103F-16F7-4668-BE54-9A1E7A4F7556}") = "MultiSms", "src\MultiSms\MultiSms.csproj", "{457B6816-A297-401D-ACB1-0FED048D8BE9}"
EndProject
Project("{2150E333-8FDC-42A3-9474-1A3956D46DE8}") = "src", "src", "{A79D0015-8F48-483D-B7C6-A864F25B0436}"
EndProject
Project("{2150E333-8FDC-42A3-9474-1A3956D46DE8}") = "tests", "tests", "{8C7C6595-4007-4A6F-B09A-7204E5DE5F66}"
EndProject
Project("{2150E333-8FDC-42A3-9474-1A3956D46DE8}") = "Providers", "Providers", "{2B4EC539-F892-4505-9352-8F07BE68B9EE}"
EndProject
Project("{9A19103F-16F7-4668-BE54-9A1E7A4F7556}") = "MultiSms.NetGsm.Provider", "src\Providers\MultiSms.NetGsm.Provider\MultiSms.NetGsm.Provider.csproj", "{9C232ED2-2BC6-44AF-94D4-B501A12BD75D}"
EndProject
Project("{9A19103F-16F7-4668-BE54-9A1E7A4F7556}") = "MultiSms.IletiMerkezi.Provider", "src\Providers\MultiSms.IletiMerkezi.Provider\MultiSms.IletiMerkezi.Provider.csproj", "{A527E7D2-96FD-4715-BEC6-776462FF54E6}"
EndProject
Project("{2150E333-8FDC-42A3-9474-1A3956D46DE8}") = "solution_items", "solution_items", "{4E7C22A7-3F99-4927-B481-6DAB5C008FD4}"
	ProjectSection(SolutionItems) = preProject
		common.props = common.props
		icon.png = icon.png
		LICENSE = LICENSE
		README.md = README.md
	EndProjectSection
EndProject
Project("{9A19103F-16F7-4668-BE54-9A1E7A4F7556}") = "MultiSms.Twilio.Provider", "src\Providers\MultiSms.Twilio.Provider\MultiSms.Twilio.Provider.csproj", "{9AC88477-6B0E-4643-A698-949BD2F1136F}"
EndProject
Project("{FAE04EC0-301F-11D3-BF4B-00C04F79EFBC}") = "MultiSms.Test", "tests\MultiSms.Test\MultiSms.Test.csproj", "{5F924563-3915-45CE-B1B2-438B0215B6A9}"
EndProject
Project("{FAE04EC0-301F-11D3-BF4B-00C04F79EFBC}") = "MultiSms.Provider.Test", "tests\MultiSms.IletiMerkezi.Provider.Test\MultiSms.Provider.Test.csproj", "{9D3DA7EC-6990-4206-A55E-D515C00E72FA}"
EndProject
Project("{FAE04EC0-301F-11D3-BF4B-00C04F79EFBC}") = "MultiSms.Mutlucell.Provider", "src\Providers\MultiSms.Mutlucell.Provider\MultiSms.Mutlucell.Provider.csproj", "{D5192C1B-DFAF-480F-B02F-C85715B98832}"
EndProject
Project("{FAE04EC0-301F-11D3-BF4B-00C04F79EFBC}") = "MultiSms.MasGsm.Provider", "src\Providers\MultiSms.MasGsm.Provider\MultiSms.MasGsm.Provider.csproj", "{512F2777-3F3D-404A-8559-11D78BBE474F}"
EndProject
Project("{FAE04EC0-301F-11D3-BF4B-00C04F79EFBC}") = "MultiSms.SmsVitrini.Provider", "src\Providers\MultiSms.SmsVitrini.Provider\MultiSms.SmsVitrini.Provider.csproj", "{33EBA862-E24D-46E3-940D-5CA072E54FE8}"
EndProject
Project("{FAE04EC0-301F-11D3-BF4B-00C04F79EFBC}") = "MultiSms.JetSms.Provider", "src\Providers\MultiSms.JetSms.Provider\MultiSms.JetSms.Provider.csproj", "{1880D908-213D-46F6-B1CE-B99ACB9EF199}"
EndProject
Project("{2150E333-8FDC-42A3-9474-1A3956D46DE8}") = "sample", "sample", "{B3CE323B-EB21-45BD-89EB-DA216D7616D6}"
EndProject
Project("{FAE04EC0-301F-11D3-BF4B-00C04F79EFBC}") = "MultiSms.Core", "sample\MultiSms.Core\MultiSms.Core.csproj", "{A4DA2D3A-4B1E-4737-83DE-E6B323582302}"
EndProject
Global
	GlobalSection(SolutionConfigurationPlatforms) = preSolution
		Debug|Any CPU = Debug|Any CPU
		Release|Any CPU = Release|Any CPU
	EndGlobalSection
	GlobalSection(ProjectConfigurationPlatforms) = postSolution
		{457B6816-A297-401D-ACB1-0FED048D8BE9}.Debug|Any CPU.ActiveCfg = Debug|Any CPU
		{457B6816-A297-401D-ACB1-0FED048D8BE9}.Debug|Any CPU.Build.0 = Debug|Any CPU
		{457B6816-A297-401D-ACB1-0FED048D8BE9}.Release|Any CPU.ActiveCfg = Release|Any CPU
		{457B6816-A297-401D-ACB1-0FED048D8BE9}.Release|Any CPU.Build.0 = Release|Any CPU
		{9C232ED2-2BC6-44AF-94D4-B501A12BD75D}.Debug|Any CPU.ActiveCfg = Debug|Any CPU
		{9C232ED2-2BC6-44AF-94D4-B501A12BD75D}.Debug|Any CPU.Build.0 = Debug|Any CPU
		{9C232ED2-2BC6-44AF-94D4-B501A12BD75D}.Release|Any CPU.ActiveCfg = Release|Any CPU
		{9C232ED2-2BC6-44AF-94D4-B501A12BD75D}.Release|Any CPU.Build.0 = Release|Any CPU
		{A527E7D2-96FD-4715-BEC6-776462FF54E6}.Debug|Any CPU.ActiveCfg = Debug|Any CPU
		{A527E7D2-96FD-4715-BEC6-776462FF54E6}.Debug|Any CPU.Build.0 = Debug|Any CPU
		{A527E7D2-96FD-4715-BEC6-776462FF54E6}.Release|Any CPU.ActiveCfg = Release|Any CPU
		{A527E7D2-96FD-4715-BEC6-776462FF54E6}.Release|Any CPU.Build.0 = Release|Any CPU
		{9AC88477-6B0E-4643-A698-949BD2F1136F}.Debug|Any CPU.ActiveCfg = Debug|Any CPU
		{9AC88477-6B0E-4643-A698-949BD2F1136F}.Debug|Any CPU.Build.0 = Debug|Any CPU
		{9AC88477-6B0E-4643-A698-949BD2F1136F}.Release|Any CPU.ActiveCfg = Release|Any CPU
		{9AC88477-6B0E-4643-A698-949BD2F1136F}.Release|Any CPU.Build.0 = Release|Any CPU
		{5F924563-3915-45CE-B1B2-438B0215B6A9}.Debug|Any CPU.ActiveCfg = Debug|Any CPU
		{5F924563-3915-45CE-B1B2-438B0215B6A9}.Debug|Any CPU.Build.0 = Debug|Any CPU
		{5F924563-3915-45CE-B1B2-438B0215B6A9}.Release|Any CPU.ActiveCfg = Release|Any CPU
		{5F924563-3915-45CE-B1B2-438B0215B6A9}.Release|Any CPU.Build.0 = Release|Any CPU
		{9D3DA7EC-6990-4206-A55E-D515C00E72FA}.Debug|Any CPU.ActiveCfg = Debug|Any CPU
		{9D3DA7EC-6990-4206-A55E-D515C00E72FA}.Debug|Any CPU.Build.0 = Debug|Any CPU
		{9D3DA7EC-6990-4206-A55E-D515C00E72FA}.Release|Any CPU.ActiveCfg = Release|Any CPU
		{9D3DA7EC-6990-4206-A55E-D515C00E72FA}.Release|Any CPU.Build.0 = Release|Any CPU
		{D5192C1B-DFAF-480F-B02F-C85715B98832}.Debug|Any CPU.ActiveCfg = Debug|Any CPU
		{D5192C1B-DFAF-480F-B02F-C85715B98832}.Debug|Any CPU.Build.0 = Debug|Any CPU
		{D5192C1B-DFAF-480F-B02F-C85715B98832}.Release|Any CPU.ActiveCfg = Release|Any CPU
		{D5192C1B-DFAF-480F-B02F-C85715B98832}.Release|Any CPU.Build.0 = Release|Any CPU
		{512F2777-3F3D-404A-8559-11D78BBE474F}.Debug|Any CPU.ActiveCfg = Debug|Any CPU
		{512F2777-3F3D-404A-8559-11D78BBE474F}.Debug|Any CPU.Build.0 = Debug|Any CPU
		{512F2777-3F3D-404A-8559-11D78BBE474F}.Release|Any CPU.ActiveCfg = Release|Any CPU
		{512F2777-3F3D-404A-8559-11D78BBE474F}.Release|Any CPU.Build.0 = Release|Any CPU
		{33EBA862-E24D-46E3-940D-5CA072E54FE8}.Debug|Any CPU.ActiveCfg = Debug|Any CPU
		{33EBA862-E24D-46E3-940D-5CA072E54FE8}.Debug|Any CPU.Build.0 = Debug|Any CPU
		{33EBA862-E24D-46E3-940D-5CA072E54FE8}.Release|Any CPU.ActiveCfg = Release|Any CPU
		{33EBA862-E24D-46E3-940D-5CA072E54FE8}.Release|Any CPU.Build.0 = Release|Any CPU
		{1880D908-213D-46F6-B1CE-B99ACB9EF199}.Debug|Any CPU.ActiveCfg = Debug|Any CPU
		{1880D908-213D-46F6-B1CE-B99ACB9EF199}.Debug|Any CPU.Build.0 = Debug|Any CPU
		{1880D908-213D-46F6-B1CE-B99ACB9EF199}.Release|Any CPU.ActiveCfg = Release|Any CPU
		{1880D908-213D-46F6-B1CE-B99ACB9EF199}.Release|Any CPU.Build.0 = Release|Any CPU
		{A4DA2D3A-4B1E-4737-83DE-E6B323582302}.Debug|Any CPU.ActiveCfg = Debug|Any CPU
		{A4DA2D3A-4B1E-4737-83DE-E6B323582302}.Debug|Any CPU.Build.0 = Debug|Any CPU
		{A4DA2D3A-4B1E-4737-83DE-E6B323582302}.Release|Any CPU.ActiveCfg = Release|Any CPU
		{A4DA2D3A-4B1E-4737-83DE-E6B323582302}.Release|Any CPU.Build.0 = Release|Any CPU
	EndGlobalSection
	GlobalSection(SolutionProperties) = preSolution
		HideSolutionNode = FALSE
	EndGlobalSection
	GlobalSection(NestedProjects) = preSolution
		{457B6816-A297-401D-ACB1-0FED048D8BE9} = {A79D0015-8F48-483D-B7C6-A864F25B0436}
		{2B4EC539-F892-4505-9352-8F07BE68B9EE} = {A79D0015-8F48-483D-B7C6-A864F25B0436}
		{9C232ED2-2BC6-44AF-94D4-B501A12BD75D} = {2B4EC539-F892-4505-9352-8F07BE68B9EE}
		{A527E7D2-96FD-4715-BEC6-776462FF54E6} = {2B4EC539-F892-4505-9352-8F07BE68B9EE}
		{9AC88477-6B0E-4643-A698-949BD2F1136F} = {2B4EC539-F892-4505-9352-8F07BE68B9EE}
		{5F924563-3915-45CE-B1B2-438B0215B6A9} = {8C7C6595-4007-4A6F-B09A-7204E5DE5F66}
		{9D3DA7EC-6990-4206-A55E-D515C00E72FA} = {8C7C6595-4007-4A6F-B09A-7204E5DE5F66}
		{D5192C1B-DFAF-480F-B02F-C85715B98832} = {2B4EC539-F892-4505-9352-8F07BE68B9EE}
		{512F2777-3F3D-404A-8559-11D78BBE474F} = {2B4EC539-F892-4505-9352-8F07BE68B9EE}
		{33EBA862-E24D-46E3-940D-5CA072E54FE8} = {2B4EC539-F892-4505-9352-8F07BE68B9EE}
		{1880D908-213D-46F6-B1CE-B99ACB9EF199} = {2B4EC539-F892-4505-9352-8F07BE68B9EE}
		{A4DA2D3A-4B1E-4737-83DE-E6B323582302} = {B3CE323B-EB21-45BD-89EB-DA216D7616D6}
	EndGlobalSection
	GlobalSection(ExtensibilityGlobals) = postSolution
		SolutionGuid = {573398AF-A230-47CC-B12C-7065487D4B10}
	EndGlobalSection
	GlobalSection(MonoDevelopProperties) = preSolution
		Policies = $0
		$0.DotNetNamingPolicy = $1
		$1.DirectoryNamespaceAssociation = PrefixedHierarchical
		$0.TextStylePolicy = $4
	EndGlobalSection
EndGlobal
